
Microsoft Visual Studio Solution File, Format Version 12.00
# Visual Studio 15
VisualStudioVersion = 15.0.26730.15
MinimumVisualStudioVersion = 10.0.40219.1
Project("{FAE04EC0-301F-11D3-BF4B-00C04F79EFBC}") = "Lab4", "Lab4\Lab4.csproj", "{EC6F0095-0760-44A5-9A32-ECFB240DDE51}"
EndProject
Global
	GlobalSection(SolutionConfigurationPlatforms) = preSolution
		Debug|Any CPU = Debug|Any CPU
		Release|Any CPU = Release|Any CPU
	EndGlobalSection
	GlobalSection(ProjectConfigurationPlatforms) = postSolution
		{EC6F0095-0760-44A5-9A32-ECFB240DDE51}.Debug|Any CPU.ActiveCfg = Debug|Any CPU
		{EC6F0095-0760-44A5-9A32-ECFB240DDE51}.Debug|Any CPU.Build.0 = Debug|Any CPU
		{EC6F0095-0760-44A5-9A32-ECFB240DDE51}.Release|Any CPU.ActiveCfg = Release|Any CPU
		{EC6F0095-0760-44A5-9A32-ECFB240DDE51}.Release|Any CPU.Build.0 = Release|Any CPU
	EndGlobalSection
	GlobalSection(SolutionProperties) = preSolution
		HideSolutionNode = FALSE
	EndGlobalSection
	GlobalSection(ExtensibilityGlobals) = postSolution
		SolutionGuid = {DDE75747-8020-4E3A-8876-9B25F319A002}
	EndGlobalSection
EndGlobal
